--- 
dependencies: 
  rails: 
    group: 
    - :default
    version: = 2.3.8
  system_timer: 
    group: 
    - :default
    version: = 1.0
  memcache-client: 
    group: 
    - :default
    version: = 1.7.8
    require: 
    - memcache
  sqlite3-ruby: 
    group: 
    - :default
    version: = 1.2.5
    require: 
    - sqlite3
  haml: 
    group: 
    - :default
    version: = 3.0.13
  rspec: 
    group: 
    - :test
    version: = 1.3.0
  resource_controller: 
    group: 
    - :default
    version: = 0.6.6
  formtastic: 
    group: 
    - :default
    version: = 0.9.10
  thin: 
    group: 
    - :default
    version: = 1.2.7
  rspec-rails: 
    group: 
    - :test
    version: = 1.3.2
  factory_girl: 
    group: 
    - :test
    version: = 1.2.4
  i18n: 
    group: 
    - :default
    version: ">= 0"
specs: 
- rake: 
    version: 0.8.7
- activesupport: 
    version: 2.3.8
- rack: 
    version: 1.1.0
- actionpack: 
    version: 2.3.8
- actionmailer: 
    version: 2.3.8
- activerecord: 
    version: 2.3.8
- activeresource: 
    version: 2.3.8
- daemons: 
    version: 1.1.0
- eventmachine: 
    version: 0.12.10
- factory_girl: 
    version: 1.2.4
- formtastic: 
    version: 0.9.10
- haml: 
    version: 3.0.13
- i18n: 
    version: 0.4.1
    source: 0
- memcache-client: 
    version: 1.7.8
- rails: 
    version: 2.3.8
- resource_controller: 
    version: 0.6.6
- rspec: 
    version: 1.3.0
- rspec-rails: 
    version: 1.3.2
- sqlite3-ruby: 
    version: 1.2.5
- system_timer: 
    version: "1.0"
- thin: 
    version: 1.2.7
hash: 87c337cbbdd7377983f2cbb6108f82bda5b99664
sources: 
- Git: 
    uri: git://github.com/sevos/i18n.git
    git: git://github.com/sevos/i18n.git
    ref: fe2c783aa80eee1ff10ec35d7672d2579794d456
- Rubygems: 
    uri: http://gemcutter.org
- Rubygems: 
    uri: http://gems.github.com
