--- 
dependencies: 
  pg: 
    group: 
    - :default
    version: = 0.9.0
  rails: 
    group: 
    - :default
    version: = 2.3.8
  haml: 
    group: 
    - :default
    version: = 2.2.20
  rspec: 
    group: 
    - :test
    version: = 1.3.0
  resource_controller: 
    group: 
    - :default
    version: = 0.6.6
  formtastic: 
    group: 
    - :default
    version: = 0.9.10
  rspec-rails: 
    group: 
    - :test
    version: = 1.3.2
  factory_girl: 
    group: 
    - :test
    version: = 1.2.4
specs: 
- rake: 
    version: 0.8.7
- activesupport: 
    version: 2.3.8
- rack: 
    version: 1.1.0
- actionpack: 
    version: 2.3.8
- actionmailer: 
    version: 2.3.8
- activerecord: 
    version: 2.3.8
- activeresource: 
    version: 2.3.8
- factory_girl: 
    version: 1.2.4
- formtastic: 
    version: 0.9.10
- haml: 
    version: 2.2.20
- pg: 
    version: 0.9.0
- rails: 
    version: 2.3.8
- resource_controller: 
    version: 0.6.6
- rspec: 
    version: 1.3.0
- rspec-rails: 
    version: 1.3.2
hash: 299d2e9e7b25f545d8651ea78a379283ae4eccc4
sources: 
- Rubygems: 
    uri: http://gemcutter.org
- Rubygems: 
    uri: http://gems.github.com
