--- 
dependencies: 
  compass: 
    group: 
    - :default
    version: = 0.10.2
  rails: 
    group: 
    - :default
    version: = 2.3.8
  system_timer: 
    group: 
    - :default
    version: = 1.0
  memcache-client: 
    group: 
    - :default
    version: = 1.7.8
    require: 
    - memcache
  sqlite3-ruby: 
    group: 
    - :default
    version: = 1.2.5
    require: 
    - sqlite3
  haml: 
    group: 
    - :default
    version: = 3.0.13
  rspec: 
    group: 
    - :test
    version: = 1.3.0
  resource_controller: 
    group: 
    - :default
    version: = 0.6.6
  formtastic: 
    group: 
    - :default
    version: = 0.9.10
  thin: 
    group: 
    - :default
    version: = 1.2.7
  rspec-rails: 
    group: 
    - :test
    version: = 1.3.2
  factory_girl: 
    group: 
    - :test
    version: = 1.2.4
  i18n: 
    group: 
    - :default
    version: ">= 0"
  compass-960-plugin: 
    group: 
    - :default
    version: = 0.9.13
specs: 
- rake: 
    version: 0.8.7
- activesupport: 
    version: 2.3.8
- rack: 
    version: 1.1.0
- actionpack: 
    version: 2.3.8
- actionmailer: 
    version: 2.3.8
- activerecord: 
    version: 2.3.8
- activeresource: 
    version: 2.3.8
- haml: 
    version: 3.0.13
- compass: 
    version: 0.10.2
- compass-960-plugin: 
    version: 0.9.13
- daemons: 
    version: 1.1.0
- eventmachine: 
    version: 0.12.10
- factory_girl: 
    version: 1.2.4
- formtastic: 
    version: 0.9.10
- i18n: 
    version: 0.4.1
    source: 0
- memcache-client: 
    version: 1.7.8
- rails: 
    version: 2.3.8
- resource_controller: 
    version: 0.6.6
- rspec: 
    version: 1.3.0
- rspec-rails: 
    version: 1.3.2
- sqlite3-ruby: 
    version: 1.2.5
- system_timer: 
    version: "1.0"
- thin: 
    version: 1.2.7
hash: d57c4f7c805d5d5fd92a5f54306789796b6539fa
sources: 
- Git: 
    uri: git://github.com/sevos/i18n.git
    git: git://github.com/sevos/i18n.git
    ref: 2aa07054e9add0c1d0af70100b4c09fccec332b1
- Rubygems: 
    uri: http://gemcutter.org
- Rubygems: 
    uri: http://gems.github.com
